{
  "pins" : [
    {
      "identity" : "mockaffee",
      "kind" : "remoteSourceControl",
      "location" : "https://github.com/simonsuska/mockaffee.git",
      "state" : {
        "revision" : "01581add599bfb1daf8aa19b9f8209428bafcfbb",
        "version" : "1.0.1"
      }
    }
  ],
  "version" : 2
}
