{
  "pins" : [
    {
      "identity" : "mockaffee",
      "kind" : "remoteSourceControl",
      "location" : "https://github.com/simonsuska/mockaffee.git",
      "state" : {
        "revision" : "e16cb1c4ca0756c293b70840d29a60a108fc5722",
        "version" : "1.0.2"
      }
    }
  ],
  "version" : 2
}
